// !$*UTF8*$!
{
	archiveVersion = 1;
	classes = {
	};
	objectVersion = 56;
	objects = {

/* Begin PBXBuildFile section */
		182EA9A52DE6AB08006D7DA7 /* UIScrollView+RxSwift.swift in Sources */ = {isa = PBXBuildFile; fileRef = 182EA9A42DE6AB08006D7DA7 /* UIScrollView+RxSwift.swift */; };
		183DA3542DDC6E0A0057AE13 /* RxCocoa in Frameworks */ = {isa = PBXBuildFile; productRef = 183DA3532DDC6E0A0057AE13 /* RxCocoa */; };
		183DA3562DDC6E0A0057AE13 /* RxRelay in Frameworks */ = {isa = PBXBuildFile; productRef = 183DA3552DDC6E0A0057AE13 /* RxRelay */; };
		183DA3582DDC6E0A0057AE13 /* RxSwift in Frameworks */ = {isa = PBXBuildFile; productRef = 183DA3572DDC6E0A0057AE13 /* RxSwift */; };
		183DA35B2DDC6E300057AE13 /* SnapKit in Frameworks */ = {isa = PBXBuildFile; productRef = 183DA35A2DDC6E300057AE13 /* SnapKit */; };
		183DA4422DDC80B10057AE13 /* TodoItem.swift in Sources */ = {isa = PBXBuildFile; fileRef = 183DA4412DDC80B10057AE13 /* TodoItem.swift */; };
		183DA4442DDDAED70057AE13 /* TodoCoreData.swift in Sources */ = {isa = PBXBuildFile; fileRef = 183DA4432DDDAED70057AE13 /* TodoCoreData.swift */; };
		183DA4462DDDAFFE0057AE13 /* TodoRepository.swift in Sources */ = {isa = PBXBuildFile; fileRef = 183DA4452DDDAFFE0057AE13 /* TodoRepository.swift */; };
		183DA4482DDDB0750057AE13 /* TodoRepositoryProtocol.swift in Sources */ = {isa = PBXBuildFile; fileRef = 183DA4472DDDB0750057AE13 /* TodoRepositoryProtocol.swift */; };
		183DA44A2DDDB11F0057AE13 /* TodoViewModel.swift in Sources */ = {isa = PBXBuildFile; fileRef = 183DA4492DDDB11F0057AE13 /* TodoViewModel.swift */; };
		183DA44E2DDDB4170057AE13 /* TodoUseCase.swift in Sources */ = {isa = PBXBuildFile; fileRef = 183DA44D2DDDB4170057AE13 /* TodoUseCase.swift */; };
		183DA4512DDDB6CA0057AE13 /* CleanTodoList.xcdatamodeld in Sources */ = {isa = PBXBuildFile; fileRef = 183DA44F2DDDB6CA0057AE13 /* CleanTodoList.xcdatamodeld */; };
		183DA4532DDDB7690057AE13 /* CoreDataError.swift in Sources */ = {isa = PBXBuildFile; fileRef = 183DA4522DDDB7690057AE13 /* CoreDataError.swift */; };
		CC3431FA2DD9C91C008C7EAC /* AppDelegate.swift in Sources */ = {isa = PBXBuildFile; fileRef = CC3431F92DD9C91C008C7EAC /* AppDelegate.swift */; };
		CC3431FC2DD9C91C008C7EAC /* SceneDelegate.swift in Sources */ = {isa = PBXBuildFile; fileRef = CC3431FB2DD9C91C008C7EAC /* SceneDelegate.swift */; };
		CC3431FE2DD9C91C008C7EAC /* TodoListViewController.swift in Sources */ = {isa = PBXBuildFile; fileRef = CC3431FD2DD9C91C008C7EAC /* TodoListViewController.swift */; };
		CC3432032DD9C91D008C7EAC /* Assets.xcassets in Resources */ = {isa = PBXBuildFile; fileRef = CC3432022DD9C91D008C7EAC /* Assets.xcassets */; };
		CC3432062DD9C91D008C7EAC /* LaunchScreen.storyboard in Resources */ = {isa = PBXBuildFile; fileRef = CC3432042DD9C91D008C7EAC /* LaunchScreen.storyboard */; };
		CC34323B2DD9E0D2008C7EAC /* TodoListView.swift in Sources */ = {isa = PBXBuildFile; fileRef = CC34323A2DD9E0D2008C7EAC /* TodoListView.swift */; };
		CC5E3BCD2E24FD3800ACACFA /* TodoUseCaseTests.swift in Sources */ = {isa = PBXBuildFile; fileRef = CC5E3BCC2E24FD3800ACACFA /* TodoUseCaseTests.swift */; };
		CC5E3BCF2E24FD8000ACACFA /* MockTodoRepository.swift in Sources */ = {isa = PBXBuildFile; fileRef = CC5E3BCE2E24FD8000ACACFA /* MockTodoRepository.swift */; };
		CC5E3BD52E24FF2500ACACFA /* TodoViewModelTests.swift in Sources */ = {isa = PBXBuildFile; fileRef = CC5E3BD42E24FF2500ACACFA /* TodoViewModelTests.swift */; };
		CC94D2C92DFD6A180020F7CB /* Data+.swift in Sources */ = {isa = PBXBuildFile; fileRef = CC94D2C82DFD6A180020F7CB /* Data+.swift */; };
		CC94D2CB2DFD6A1F0020F7CB /* UISwitch+RxSwift.swift in Sources */ = {isa = PBXBuildFile; fileRef = CC94D2CA2DFD6A1F0020F7CB /* UISwitch+RxSwift.swift */; };
		CC94D2CD2DFD6A300020F7CB /* TodoListViewCell.swift in Sources */ = {isa = PBXBuildFile; fileRef = CC94D2CC2DFD6A300020F7CB /* TodoListViewCell.swift */; };
		CC94D2CF2DFD6A580020F7CB /* FilterType.swift in Sources */ = {isa = PBXBuildFile; fileRef = CC94D2CE2DFD6A580020F7CB /* FilterType.swift */; };
		CC94D2D12DFD6A5D0020F7CB /* TodoActionType.swift in Sources */ = {isa = PBXBuildFile; fileRef = CC94D2D02DFD6A5D0020F7CB /* TodoActionType.swift */; };
/* End PBXBuildFile section */

/* Begin PBXContainerItemProxy section */
		CC5E3BC62E24F45800ACACFA /* PBXContainerItemProxy */ = {
			isa = PBXContainerItemProxy;
			containerPortal = CC3431EE2DD9C91C008C7EAC /* Project object */;
			proxyType = 1;
			remoteGlobalIDString = CC3431F52DD9C91C008C7EAC;
			remoteInfo = CleanTodoList;
		};
/* End PBXContainerItemProxy section */

/* Begin PBXFileReference section */
		182EA9A42DE6AB08006D7DA7 /* UIScrollView+RxSwift.swift */ = {isa = PBXFileReference; lastKnownFileType = sourcecode.swift; path = "UIScrollView+RxSwift.swift"; sourceTree = "<group>"; };
		183DA4412DDC80B10057AE13 /* TodoItem.swift */ = {isa = PBXFileReference; lastKnownFileType = sourcecode.swift; path = TodoItem.swift; sourceTree = "<group>"; };
		183DA4432DDDAED70057AE13 /* TodoCoreData.swift */ = {isa = PBXFileReference; lastKnownFileType = sourcecode.swift; path = TodoCoreData.swift; sourceTree = "<group>"; };
		183DA4452DDDAFFE0057AE13 /* TodoRepository.swift */ = {isa = PBXFileReference; lastKnownFileType = sourcecode.swift; path = TodoRepository.swift; sourceTree = "<group>"; };
		183DA4472DDDB0750057AE13 /* TodoRepositoryProtocol.swift */ = {isa = PBXFileReference; lastKnownFileType = sourcecode.swift; path = TodoRepositoryProtocol.swift; sourceTree = "<group>"; };
		183DA4492DDDB11F0057AE13 /* TodoViewModel.swift */ = {isa = PBXFileReference; lastKnownFileType = sourcecode.swift; path = TodoViewModel.swift; sourceTree = "<group>"; };
		183DA44D2DDDB4170057AE13 /* TodoUseCase.swift */ = {isa = PBXFileReference; lastKnownFileType = sourcecode.swift; path = TodoUseCase.swift; sourceTree = "<group>"; };
		183DA4502DDDB6CA0057AE13 /* CleanTodoList.xcdatamodel */ = {isa = PBXFileReference; lastKnownFileType = wrapper.xcdatamodel; path = CleanTodoList.xcdatamodel; sourceTree = "<group>"; };
		183DA4522DDDB7690057AE13 /* CoreDataError.swift */ = {isa = PBXFileReference; lastKnownFileType = sourcecode.swift; path = CoreDataError.swift; sourceTree = "<group>"; };
		CC3431F62DD9C91C008C7EAC /* CleanTodoList.app */ = {isa = PBXFileReference; explicitFileType = wrapper.application; includeInIndex = 0; path = CleanTodoList.app; sourceTree = BUILT_PRODUCTS_DIR; };
		CC3431F92DD9C91C008C7EAC /* AppDelegate.swift */ = {isa = PBXFileReference; lastKnownFileType = sourcecode.swift; path = AppDelegate.swift; sourceTree = "<group>"; };
		CC3431FB2DD9C91C008C7EAC /* SceneDelegate.swift */ = {isa = PBXFileReference; lastKnownFileType = sourcecode.swift; path = SceneDelegate.swift; sourceTree = "<group>"; };
		CC3431FD2DD9C91C008C7EAC /* TodoListViewController.swift */ = {isa = PBXFileReference; lastKnownFileType = sourcecode.swift; path = TodoListViewController.swift; sourceTree = "<group>"; };
		CC3432022DD9C91D008C7EAC /* Assets.xcassets */ = {isa = PBXFileReference; lastKnownFileType = folder.assetcatalog; path = Assets.xcassets; sourceTree = "<group>"; };
		CC3432052DD9C91D008C7EAC /* Base */ = {isa = PBXFileReference; lastKnownFileType = file.storyboard; name = Base; path = Base.lproj/LaunchScreen.storyboard; sourceTree = "<group>"; };
		CC3432072DD9C91D008C7EAC /* Info.plist */ = {isa = PBXFileReference; lastKnownFileType = text.plist.xml; path = Info.plist; sourceTree = "<group>"; };
		CC34323A2DD9E0D2008C7EAC /* TodoListView.swift */ = {isa = PBXFileReference; lastKnownFileType = sourcecode.swift; path = TodoListView.swift; sourceTree = "<group>"; };
		CC5E3BC22E24F45800ACACFA /* CleanTodoListTests.xctest */ = {isa = PBXFileReference; explicitFileType = wrapper.cfbundle; includeInIndex = 0; path = CleanTodoListTests.xctest; sourceTree = BUILT_PRODUCTS_DIR; };
		CC5E3BCC2E24FD3800ACACFA /* TodoUseCaseTests.swift */ = {isa = PBXFileReference; lastKnownFileType = sourcecode.swift; path = TodoUseCaseTests.swift; sourceTree = "<group>"; };
		CC5E3BCE2E24FD8000ACACFA /* MockTodoRepository.swift */ = {isa = PBXFileReference; lastKnownFileType = sourcecode.swift; path = MockTodoRepository.swift; sourceTree = "<group>"; };
		CC5E3BD42E24FF2500ACACFA /* TodoViewModelTests.swift */ = {isa = PBXFileReference; lastKnownFileType = sourcecode.swift; path = TodoViewModelTests.swift; sourceTree = "<group>"; };
		CC94D2C82DFD6A180020F7CB /* Data+.swift */ = {isa = PBXFileReference; fileEncoding = 4; lastKnownFileType = sourcecode.swift; path = "Data+.swift"; sourceTree = "<group>"; };
		CC94D2CA2DFD6A1F0020F7CB /* UISwitch+RxSwift.swift */ = {isa = PBXFileReference; fileEncoding = 4; lastKnownFileType = sourcecode.swift; path = "UISwitch+RxSwift.swift"; sourceTree = "<group>"; };
		CC94D2CC2DFD6A300020F7CB /* TodoListViewCell.swift */ = {isa = PBXFileReference; fileEncoding = 4; lastKnownFileType = sourcecode.swift; path = TodoListViewCell.swift; sourceTree = "<group>"; };
		CC94D2CE2DFD6A580020F7CB /* FilterType.swift */ = {isa = PBXFileReference; fileEncoding = 4; lastKnownFileType = sourcecode.swift; path = FilterType.swift; sourceTree = "<group>"; };
		CC94D2D02DFD6A5D0020F7CB /* TodoActionType.swift */ = {isa = PBXFileReference; fileEncoding = 4; lastKnownFileType = sourcecode.swift; path = TodoActionType.swift; sourceTree = "<group>"; };
/* End PBXFileReference section */

/* Begin PBXFrameworksBuildPhase section */
		CC3431F32DD9C91C008C7EAC /* Frameworks */ = {
			isa = PBXFrameworksBuildPhase;
			buildActionMask = 2147483647;
			files = (
				183DA3542DDC6E0A0057AE13 /* RxCocoa in Frameworks */,
				183DA35B2DDC6E300057AE13 /* SnapKit in Frameworks */,
				183DA3582DDC6E0A0057AE13 /* RxSwift in Frameworks */,
				183DA3562DDC6E0A0057AE13 /* RxRelay in Frameworks */,
			);
			runOnlyForDeploymentPostprocessing = 0;
		};
		CC5E3BBF2E24F45800ACACFA /* Frameworks */ = {
			isa = PBXFrameworksBuildPhase;
			buildActionMask = 2147483647;
			files = (
			);
			runOnlyForDeploymentPostprocessing = 0;
		};
/* End PBXFrameworksBuildPhase section */

/* Begin PBXGroup section */
		182EA9A32DE6AAE6006D7DA7 /* Extensions */ = {
			isa = PBXGroup;
			children = (
				CC94D2CA2DFD6A1F0020F7CB /* UISwitch+RxSwift.swift */,
				182EA9A42DE6AB08006D7DA7 /* UIScrollView+RxSwift.swift */,
				CC94D2C82DFD6A180020F7CB /* Data+.swift */,
			);
			path = Extensions;
			sourceTree = "<group>";
		};
		183DA3922DDC7F8D0057AE13 /* Domain */ = {
			isa = PBXGroup;
			children = (
				183DA43C2DDC80180057AE13 /* Entity */,
				183DA43E2DDC80380057AE13 /* UseCase */,
				183DA43D2DDC801E0057AE13 /* RepositoryProtocol */,
			);
			path = Domain;
			sourceTree = "<group>";
		};
		183DA3932DDC7F930057AE13 /* Data */ = {
			isa = PBXGroup;
			children = (
				183DA4032DDC7FDA0057AE13 /* API */,
				183DA4042DDC7FE20057AE13 /* DB */,
				183DA4052DDC7FEC0057AE13 /* Repository */,
			);
			path = Data;
			sourceTree = "<group>";
		};
		183DA3CA2DDC7FAE0057AE13 /* Presentation */ = {
			isa = PBXGroup;
			children = (
				182EA9A32DE6AAE6006D7DA7 /* Extensions */,
				183DA3CB2DDC7FBD0057AE13 /* View */,
				183DA4022DDC7FCC0057AE13 /* ViewModel */,
			);
			path = Presentation;
			sourceTree = "<group>";
		};
		183DA3CB2DDC7FBD0057AE13 /* View */ = {
			isa = PBXGroup;
			children = (
				CC34323A2DD9E0D2008C7EAC /* TodoListView.swift */,
				CC3431FD2DD9C91C008C7EAC /* TodoListViewController.swift */,
				CC94D2CC2DFD6A300020F7CB /* TodoListViewCell.swift */,
			);
			path = View;
			sourceTree = "<group>";
		};
		183DA4022DDC7FCC0057AE13 /* ViewModel */ = {
			isa = PBXGroup;
			children = (
				183DA4492DDDB11F0057AE13 /* TodoViewModel.swift */,
			);
			path = ViewModel;
			sourceTree = "<group>";
		};
		183DA4032DDC7FDA0057AE13 /* API */ = {
			isa = PBXGroup;
			children = (
			);
			path = API;
			sourceTree = "<group>";
		};
		183DA4042DDC7FE20057AE13 /* DB */ = {
			isa = PBXGroup;
			children = (
				183DA4432DDDAED70057AE13 /* TodoCoreData.swift */,
			);
			path = DB;
			sourceTree = "<group>";
		};
		183DA4052DDC7FEC0057AE13 /* Repository */ = {
			isa = PBXGroup;
			children = (
				183DA4452DDDAFFE0057AE13 /* TodoRepository.swift */,
			);
			path = Repository;
			sourceTree = "<group>";
		};
		183DA43C2DDC80180057AE13 /* Entity */ = {
			isa = PBXGroup;
			children = (
				183DA4412DDC80B10057AE13 /* TodoItem.swift */,
				183DA4522DDDB7690057AE13 /* CoreDataError.swift */,
				CC94D2CE2DFD6A580020F7CB /* FilterType.swift */,
				CC94D2D02DFD6A5D0020F7CB /* TodoActionType.swift */,
			);
			path = Entity;
			sourceTree = "<group>";
		};
		183DA43D2DDC801E0057AE13 /* RepositoryProtocol */ = {
			isa = PBXGroup;
			children = (
				183DA4472DDDB0750057AE13 /* TodoRepositoryProtocol.swift */,
			);
			path = RepositoryProtocol;
			sourceTree = "<group>";
		};
		183DA43E2DDC80380057AE13 /* UseCase */ = {
			isa = PBXGroup;
			children = (
				183DA44D2DDDB4170057AE13 /* TodoUseCase.swift */,
			);
			path = UseCase;
			sourceTree = "<group>";
		};
		CC3431ED2DD9C91C008C7EAC = {
			isa = PBXGroup;
			children = (
				183DA44F2DDDB6CA0057AE13 /* CleanTodoList.xcdatamodeld */,
				CC3431F82DD9C91C008C7EAC /* CleanTodoList */,
				CC5E3BC32E24F45800ACACFA /* CleanTodoListTests */,
				CC3431F72DD9C91C008C7EAC /* Products */,
			);
			sourceTree = "<group>";
		};
		CC3431F72DD9C91C008C7EAC /* Products */ = {
			isa = PBXGroup;
			children = (
				CC3431F62DD9C91C008C7EAC /* CleanTodoList.app */,
				CC5E3BC22E24F45800ACACFA /* CleanTodoListTests.xctest */,
			);
			name = Products;
			sourceTree = "<group>";
		};
		CC3431F82DD9C91C008C7EAC /* CleanTodoList */ = {
			isa = PBXGroup;
			children = (
				CC3431F92DD9C91C008C7EAC /* AppDelegate.swift */,
				CC3431FB2DD9C91C008C7EAC /* SceneDelegate.swift */,
				183DA3922DDC7F8D0057AE13 /* Domain */,
				183DA3CA2DDC7FAE0057AE13 /* Presentation */,
				183DA3932DDC7F930057AE13 /* Data */,
				CC3432042DD9C91D008C7EAC /* LaunchScreen.storyboard */,
				CC3432022DD9C91D008C7EAC /* Assets.xcassets */,
				CC3432072DD9C91D008C7EAC /* Info.plist */,
			);
			path = CleanTodoList;
			sourceTree = "<group>";
		};
		CC5E3BC32E24F45800ACACFA /* CleanTodoListTests */ = {
			isa = PBXGroup;
			children = (
				CC5E3BCB2E24FD1C00ACACFA /* Domain */,
				CC5E3BD32E24FED100ACACFA /* Presentation */,
			);
			path = CleanTodoListTests;
			sourceTree = "<group>";
		};
		CC5E3BCB2E24FD1C00ACACFA /* Domain */ = {
			isa = PBXGroup;
			children = (
				CC5E3BCC2E24FD3800ACACFA /* TodoUseCaseTests.swift */,
				CC5E3BCE2E24FD8000ACACFA /* MockTodoRepository.swift */,
			);
			path = Domain;
			sourceTree = "<group>";
		};
		CC5E3BD32E24FED100ACACFA /* Presentation */ = {
			isa = PBXGroup;
			children = (
				CC5E3BD42E24FF2500ACACFA /* TodoViewModelTests.swift */,
			);
			path = Presentation;
			sourceTree = "<group>";
		};
/* End PBXGroup section */

/* Begin PBXNativeTarget section */
		CC3431F52DD9C91C008C7EAC /* CleanTodoList */ = {
			isa = PBXNativeTarget;
			buildConfigurationList = CC34320A2DD9C91D008C7EAC /* Build configuration list for PBXNativeTarget "CleanTodoList" */;
			buildPhases = (
				CC3431F22DD9C91C008C7EAC /* Sources */,
				CC3431F32DD9C91C008C7EAC /* Frameworks */,
				CC3431F42DD9C91C008C7EAC /* Resources */,
			);
			buildRules = (
			);
			dependencies = (
			);
			name = CleanTodoList;
			packageProductDependencies = (
				183DA3532DDC6E0A0057AE13 /* RxCocoa */,
				183DA3552DDC6E0A0057AE13 /* RxRelay */,
				183DA3572DDC6E0A0057AE13 /* RxSwift */,
				183DA35A2DDC6E300057AE13 /* SnapKit */,
			);
			productName = CleanTodoList;
			productReference = CC3431F62DD9C91C008C7EAC /* CleanTodoList.app */;
			productType = "com.apple.product-type.application";
		};
		CC5E3BC12E24F45800ACACFA /* CleanTodoListTests */ = {
			isa = PBXNativeTarget;
			buildConfigurationList = CC5E3BC82E24F45800ACACFA /* Build configuration list for PBXNativeTarget "CleanTodoListTests" */;
			buildPhases = (
				CC5E3BBE2E24F45800ACACFA /* Sources */,
				CC5E3BBF2E24F45800ACACFA /* Frameworks */,
				CC5E3BC02E24F45800ACACFA /* Resources */,
			);
			buildRules = (
			);
			dependencies = (
				CC5E3BC72E24F45800ACACFA /* PBXTargetDependency */,
			);
			name = CleanTodoListTests;
			productName = CleanTodoListTests;
			productReference = CC5E3BC22E24F45800ACACFA /* CleanTodoListTests.xctest */;
			productType = "com.apple.product-type.bundle.unit-test";
		};
/* End PBXNativeTarget section */

/* Begin PBXProject section */
		CC3431EE2DD9C91C008C7EAC /* Project object */ = {
			isa = PBXProject;
			attributes = {
				BuildIndependentTargetsInParallel = 1;
				LastSwiftUpdateCheck = 1500;
				LastUpgradeCheck = 1500;
				TargetAttributes = {
					CC3431F52DD9C91C008C7EAC = {
						CreatedOnToolsVersion = 15.0.1;
					};
					CC5E3BC12E24F45800ACACFA = {
						CreatedOnToolsVersion = 15.0.1;
						TestTargetID = CC3431F52DD9C91C008C7EAC;
					};
				};
			};
			buildConfigurationList = CC3431F12DD9C91C008C7EAC /* Build configuration list for PBXProject "CleanTodoList" */;
			compatibilityVersion = "Xcode 14.0";
			developmentRegion = en;
			hasScannedForEncodings = 0;
			knownRegions = (
				en,
				Base,
			);
			mainGroup = CC3431ED2DD9C91C008C7EAC;
			packageReferences = (
				183DA3522DDC6E0A0057AE13 /* XCRemoteSwiftPackageReference "RxSwift" */,
				183DA3592DDC6E300057AE13 /* XCRemoteSwiftPackageReference "SnapKit" */,
			);
			productRefGroup = CC3431F72DD9C91C008C7EAC /* Products */;
			projectDirPath = "";
			projectRoot = "";
			targets = (
				CC3431F52DD9C91C008C7EAC /* CleanTodoList */,
				CC5E3BC12E24F45800ACACFA /* CleanTodoListTests */,
			);
		};
/* End PBXProject section */

/* Begin PBXResourcesBuildPhase section */
		CC3431F42DD9C91C008C7EAC /* Resources */ = {
			isa = PBXResourcesBuildPhase;
			buildActionMask = 2147483647;
			files = (
				CC3432062DD9C91D008C7EAC /* LaunchScreen.storyboard in Resources */,
				CC3432032DD9C91D008C7EAC /* Assets.xcassets in Resources */,
			);
			runOnlyForDeploymentPostprocessing = 0;
		};
		CC5E3BC02E24F45800ACACFA /* Resources */ = {
			isa = PBXResourcesBuildPhase;
			buildActionMask = 2147483647;
			files = (
			);
			runOnlyForDeploymentPostprocessing = 0;
		};
/* End PBXResourcesBuildPhase section */

/* Begin PBXSourcesBuildPhase section */
		CC3431F22DD9C91C008C7EAC /* Sources */ = {
			isa = PBXSourcesBuildPhase;
			buildActionMask = 2147483647;
			files = (
				CC3431FE2DD9C91C008C7EAC /* TodoListViewController.swift in Sources */,
				CC94D2CF2DFD6A580020F7CB /* FilterType.swift in Sources */,
				CC3431FA2DD9C91C008C7EAC /* AppDelegate.swift in Sources */,
				182EA9A52DE6AB08006D7DA7 /* UIScrollView+RxSwift.swift in Sources */,
				183DA44E2DDDB4170057AE13 /* TodoUseCase.swift in Sources */,
				CC34323B2DD9E0D2008C7EAC /* TodoListView.swift in Sources */,
				183DA44A2DDDB11F0057AE13 /* TodoViewModel.swift in Sources */,
				183DA4512DDDB6CA0057AE13 /* CleanTodoList.xcdatamodeld in Sources */,
				183DA4422DDC80B10057AE13 /* TodoItem.swift in Sources */,
				183DA4462DDDAFFE0057AE13 /* TodoRepository.swift in Sources */,
				CC94D2CD2DFD6A300020F7CB /* TodoListViewCell.swift in Sources */,
				183DA4482DDDB0750057AE13 /* TodoRepositoryProtocol.swift in Sources */,
				CC94D2C92DFD6A180020F7CB /* Data+.swift in Sources */,
				CC94D2CB2DFD6A1F0020F7CB /* UISwitch+RxSwift.swift in Sources */,
				183DA4442DDDAED70057AE13 /* TodoCoreData.swift in Sources */,
				CC3431FC2DD9C91C008C7EAC /* SceneDelegate.swift in Sources */,
				183DA4532DDDB7690057AE13 /* CoreDataError.swift in Sources */,
				CC94D2D12DFD6A5D0020F7CB /* TodoActionType.swift in Sources */,
			);
			runOnlyForDeploymentPostprocessing = 0;
		};
		CC5E3BBE2E24F45800ACACFA /* Sources */ = {
			isa = PBXSourcesBuildPhase;
			buildActionMask = 2147483647;
			files = (
				CC5E3BD52E24FF2500ACACFA /* TodoViewModelTests.swift in Sources */,
				CC5E3BCD2E24FD3800ACACFA /* TodoUseCaseTests.swift in Sources */,
				CC5E3BCF2E24FD8000ACACFA /* MockTodoRepository.swift in Sources */,
			);
			runOnlyForDeploymentPostprocessing = 0;
		};
/* End PBXSourcesBuildPhase section */

/* Begin PBXTargetDependency section */
		CC5E3BC72E24F45800ACACFA /* PBXTargetDependency */ = {
			isa = PBXTargetDependency;
			target = CC3431F52DD9C91C008C7EAC /* CleanTodoList */;
			targetProxy = CC5E3BC62E24F45800ACACFA /* PBXContainerItemProxy */;
		};
/* End PBXTargetDependency section */

/* Begin PBXVariantGroup section */
		CC3432042DD9C91D008C7EAC /* LaunchScreen.storyboard */ = {
			isa = PBXVariantGroup;
			children = (
				CC3432052DD9C91D008C7EAC /* Base */,
			);
			name = LaunchScreen.storyboard;
			sourceTree = "<group>";
		};
/* End PBXVariantGroup section */

/* Begin XCBuildConfiguration section */
		CC3432082DD9C91D008C7EAC /* Debug */ = {
			isa = XCBuildConfiguration;
			buildSettings = {
				ALWAYS_SEARCH_USER_PATHS = NO;
				ASSETCATALOG_COMPILER_GENERATE_SWIFT_ASSET_SYMBOL_EXTENSIONS = YES;
				CLANG_ANALYZER_NONNULL = YES;
				CLANG_ANALYZER_NUMBER_OBJECT_CONVERSION = YES_AGGRESSIVE;
				CLANG_CXX_LANGUAGE_STANDARD = "gnu++20";
				CLANG_ENABLE_MODULES = YES;
				CLANG_ENABLE_OBJC_ARC = YES;
				CLANG_ENABLE_OBJC_WEAK = YES;
				CLANG_WARN_BLOCK_CAPTURE_AUTORELEASING = YES;
				CLANG_WARN_BOOL_CONVERSION = YES;
				CLANG_WARN_COMMA = YES;
				CLANG_WARN_CONSTANT_CONVERSION = YES;
				CLANG_WARN_DEPRECATED_OBJC_IMPLEMENTATIONS = YES;
				CLANG_WARN_DIRECT_OBJC_ISA_USAGE = YES_ERROR;
				CLANG_WARN_DOCUMENTATION_COMMENTS = YES;
				CLANG_WARN_EMPTY_BODY = YES;
				CLANG_WARN_ENUM_CONVERSION = YES;
				CLANG_WARN_INFINITE_RECURSION = YES;
				CLANG_WARN_INT_CONVERSION = YES;
				CLANG_WARN_NON_LITERAL_NULL_CONVERSION = YES;
				CLANG_WARN_OBJC_IMPLICIT_RETAIN_SELF = YES;
				CLANG_WARN_OBJC_LITERAL_CONVERSION = YES;
				CLANG_WARN_OBJC_ROOT_CLASS = YES_ERROR;
				CLANG_WARN_QUOTED_INCLUDE_IN_FRAMEWORK_HEADER = YES;
				CLANG_WARN_RANGE_LOOP_ANALYSIS = YES;
				CLANG_WARN_STRICT_PROTOTYPES = YES;
				CLANG_WARN_SUSPICIOUS_MOVE = YES;
				CLANG_WARN_UNGUARDED_AVAILABILITY = YES_AGGRESSIVE;
				CLANG_WARN_UNREACHABLE_CODE = YES;
				CLANG_WARN__DUPLICATE_METHOD_MATCH = YES;
				COPY_PHASE_STRIP = NO;
				DEBUG_INFORMATION_FORMAT = dwarf;
				ENABLE_STRICT_OBJC_MSGSEND = YES;
				ENABLE_TESTABILITY = YES;
				ENABLE_USER_SCRIPT_SANDBOXING = YES;
				GCC_C_LANGUAGE_STANDARD = gnu17;
				GCC_DYNAMIC_NO_PIC = NO;
				GCC_NO_COMMON_BLOCKS = YES;
				GCC_OPTIMIZATION_LEVEL = 0;
				GCC_PREPROCESSOR_DEFINITIONS = (
					"DEBUG=1",
					"$(inherited)",
				);
				GCC_WARN_64_TO_32_BIT_CONVERSION = YES;
				GCC_WARN_ABOUT_RETURN_TYPE = YES_ERROR;
				GCC_WARN_UNDECLARED_SELECTOR = YES;
				GCC_WARN_UNINITIALIZED_AUTOS = YES_AGGRESSIVE;
				GCC_WARN_UNUSED_FUNCTION = YES;
				GCC_WARN_UNUSED_VARIABLE = YES;
				IPHONEOS_DEPLOYMENT_TARGET = 17.0;
				LOCALIZATION_PREFERS_STRING_CATALOGS = YES;
				MTL_ENABLE_DEBUG_INFO = INCLUDE_SOURCE;
				MTL_FAST_MATH = YES;
				ONLY_ACTIVE_ARCH = YES;
				SDKROOT = iphoneos;
				SWIFT_ACTIVE_COMPILATION_CONDITIONS = "DEBUG $(inherited)";
				SWIFT_OPTIMIZATION_LEVEL = "-Onone";
			};
			name = Debug;
		};
		CC3432092DD9C91D008C7EAC /* Release */ = {
			isa = XCBuildConfiguration;
			buildSettings = {
				ALWAYS_SEARCH_USER_PATHS = NO;
				ASSETCATALOG_COMPILER_GENERATE_SWIFT_ASSET_SYMBOL_EXTENSIONS = YES;
				CLANG_ANALYZER_NONNULL = YES;
				CLANG_ANALYZER_NUMBER_OBJECT_CONVERSION = YES_AGGRESSIVE;
				CLANG_CXX_LANGUAGE_STANDARD = "gnu++20";
				CLANG_ENABLE_MODULES = YES;
				CLANG_ENABLE_OBJC_ARC = YES;
				CLANG_ENABLE_OBJC_WEAK = YES;
				CLANG_WARN_BLOCK_CAPTURE_AUTORELEASING = YES;
				CLANG_WARN_BOOL_CONVERSION = YES;
				CLANG_WARN_COMMA = YES;
				CLANG_WARN_CONSTANT_CONVERSION = YES;
				CLANG_WARN_DEPRECATED_OBJC_IMPLEMENTATIONS = YES;
				CLANG_WARN_DIRECT_OBJC_ISA_USAGE = YES_ERROR;
				CLANG_WARN_DOCUMENTATION_COMMENTS = YES;
				CLANG_WARN_EMPTY_BODY = YES;
				CLANG_WARN_ENUM_CONVERSION = YES;
				CLANG_WARN_INFINITE_RECURSION = YES;
				CLANG_WARN_INT_CONVERSION = YES;
				CLANG_WARN_NON_LITERAL_NULL_CONVERSION = YES;
				CLANG_WARN_OBJC_IMPLICIT_RETAIN_SELF = YES;
				CLANG_WARN_OBJC_LITERAL_CONVERSION = YES;
				CLANG_WARN_OBJC_ROOT_CLASS = YES_ERROR;
				CLANG_WARN_QUOTED_INCLUDE_IN_FRAMEWORK_HEADER = YES;
				CLANG_WARN_RANGE_LOOP_ANALYSIS = YES;
				CLANG_WARN_STRICT_PROTOTYPES = YES;
				CLANG_WARN_SUSPICIOUS_MOVE = YES;
				CLANG_WARN_UNGUARDED_AVAILABILITY = YES_AGGRESSIVE;
				CLANG_WARN_UNREACHABLE_CODE = YES;
				CLANG_WARN__DUPLICATE_METHOD_MATCH = YES;
				COPY_PHASE_STRIP = NO;
				DEBUG_INFORMATION_FORMAT = "dwarf-with-dsym";
				ENABLE_NS_ASSERTIONS = NO;
				ENABLE_STRICT_OBJC_MSGSEND = YES;
				ENABLE_USER_SCRIPT_SANDBOXING = YES;
				GCC_C_LANGUAGE_STANDARD = gnu17;
				GCC_NO_COMMON_BLOCKS = YES;
				GCC_WARN_64_TO_32_BIT_CONVERSION = YES;
				GCC_WARN_ABOUT_RETURN_TYPE = YES_ERROR;
				GCC_WARN_UNDECLARED_SELECTOR = YES;
				GCC_WARN_UNINITIALIZED_AUTOS = YES_AGGRESSIVE;
				GCC_WARN_UNUSED_FUNCTION = YES;
				GCC_WARN_UNUSED_VARIABLE = YES;
				IPHONEOS_DEPLOYMENT_TARGET = 17.0;
				LOCALIZATION_PREFERS_STRING_CATALOGS = YES;
				MTL_ENABLE_DEBUG_INFO = NO;
				MTL_FAST_MATH = YES;
				SDKROOT = iphoneos;
				SWIFT_COMPILATION_MODE = wholemodule;
				VALIDATE_PRODUCT = YES;
			};
			name = Release;
		};
		CC34320B2DD9C91D008C7EAC /* Debug */ = {
			isa = XCBuildConfiguration;
			buildSettings = {
				ASSETCATALOG_COMPILER_APPICON_NAME = AppIcon;
				ASSETCATALOG_COMPILER_GLOBAL_ACCENT_COLOR_NAME = AccentColor;
				CODE_SIGN_STYLE = Automatic;
				CURRENT_PROJECT_VERSION = 1;
				DEVELOPMENT_TEAM = Y9U32NW3Q6;
				GENERATE_INFOPLIST_FILE = YES;
				INFOPLIST_FILE = CleanTodoList/Info.plist;
				INFOPLIST_KEY_UIApplicationSupportsIndirectInputEvents = YES;
				INFOPLIST_KEY_UILaunchStoryboardName = LaunchScreen;
				INFOPLIST_KEY_UISupportedInterfaceOrientations_iPad = "UIInterfaceOrientationPortrait UIInterfaceOrientationPortraitUpsideDown UIInterfaceOrientationLandscapeLeft UIInterfaceOrientationLandscapeRight";
				INFOPLIST_KEY_UISupportedInterfaceOrientations_iPhone = "UIInterfaceOrientationPortrait UIInterfaceOrientationLandscapeLeft UIInterfaceOrientationLandscapeRight";
				LD_RUNPATH_SEARCH_PATHS = (
					"$(inherited)",
					"@executable_path/Frameworks",
				);
				MARKETING_VERSION = 1.0;
				PRODUCT_BUNDLE_IDENTIFIER = hansol.CleanTodoList;
				PRODUCT_NAME = "$(TARGET_NAME)";
				SWIFT_EMIT_LOC_STRINGS = YES;
				SWIFT_VERSION = 5.0;
				TARGETED_DEVICE_FAMILY = "1,2";
			};
			name = Debug;
		};
		CC34320C2DD9C91D008C7EAC /* Release */ = {
			isa = XCBuildConfiguration;
			buildSettings = {
				ASSETCATALOG_COMPILER_APPICON_NAME = AppIcon;
				ASSETCATALOG_COMPILER_GLOBAL_ACCENT_COLOR_NAME = AccentColor;
				CODE_SIGN_STYLE = Automatic;
				CURRENT_PROJECT_VERSION = 1;
				DEVELOPMENT_TEAM = Y9U32NW3Q6;
				GENERATE_INFOPLIST_FILE = YES;
				INFOPLIST_FILE = CleanTodoList/Info.plist;
				INFOPLIST_KEY_UIApplicationSupportsIndirectInputEvents = YES;
				INFOPLIST_KEY_UILaunchStoryboardName = LaunchScreen;
				INFOPLIST_KEY_UISupportedInterfaceOrientations_iPad = "UIInterfaceOrientationPortrait UIInterfaceOrientationPortraitUpsideDown UIInterfaceOrientationLandscapeLeft UIInterfaceOrientationLandscapeRight";
				INFOPLIST_KEY_UISupportedInterfaceOrientations_iPhone = "UIInterfaceOrientationPortrait UIInterfaceOrientationLandscapeLeft UIInterfaceOrientationLandscapeRight";
				LD_RUNPATH_SEARCH_PATHS = (
					"$(inherited)",
					"@executable_path/Frameworks",
				);
				MARKETING_VERSION = 1.0;
				PRODUCT_BUNDLE_IDENTIFIER = hansol.CleanTodoList;
				PRODUCT_NAME = "$(TARGET_NAME)";
				SWIFT_EMIT_LOC_STRINGS = YES;
				SWIFT_VERSION = 5.0;
				TARGETED_DEVICE_FAMILY = "1,2";
			};
			name = Release;
		};
		CC5E3BC92E24F45800ACACFA /* Debug */ = {
			isa = XCBuildConfiguration;
			buildSettings = {
				BUNDLE_LOADER = "$(TEST_HOST)";
				CODE_SIGN_STYLE = Automatic;
				CURRENT_PROJECT_VERSION = 1;
				DEVELOPMENT_TEAM = Y9U32NW3Q6;
				GENERATE_INFOPLIST_FILE = YES;
				MARKETING_VERSION = 1.0;
				PRODUCT_BUNDLE_IDENTIFIER = hansol.CleanTodoListTests;
				PRODUCT_NAME = "$(TARGET_NAME)";
				SWIFT_EMIT_LOC_STRINGS = NO;
				SWIFT_VERSION = 5.0;
				TARGETED_DEVICE_FAMILY = "1,2";
				TEST_HOST = "$(BUILT_PRODUCTS_DIR)/CleanTodoList.app/$(BUNDLE_EXECUTABLE_FOLDER_PATH)/CleanTodoList";
			};
			name = Debug;
		};
		CC5E3BCA2E24F45800ACACFA /* Release */ = {
			isa = XCBuildConfiguration;
			buildSettings = {
				BUNDLE_LOADER = "$(TEST_HOST)";
				CODE_SIGN_STYLE = Automatic;
				CURRENT_PROJECT_VERSION = 1;
				DEVELOPMENT_TEAM = Y9U32NW3Q6;
				GENERATE_INFOPLIST_FILE = YES;
				MARKETING_VERSION = 1.0;
				PRODUCT_BUNDLE_IDENTIFIER = hansol.CleanTodoListTests;
				PRODUCT_NAME = "$(TARGET_NAME)";
				SWIFT_EMIT_LOC_STRINGS = NO;
				SWIFT_VERSION = 5.0;
				TARGETED_DEVICE_FAMILY = "1,2";
				TEST_HOST = "$(BUILT_PRODUCTS_DIR)/CleanTodoList.app/$(BUNDLE_EXECUTABLE_FOLDER_PATH)/CleanTodoList";
			};
			name = Release;
		};
/* End XCBuildConfiguration section */

/* Begin XCConfigurationList section */
		CC3431F12DD9C91C008C7EAC /* Build configuration list for PBXProject "CleanTodoList" */ = {
			isa = XCConfigurationList;
			buildConfigurations = (
				CC3432082DD9C91D008C7EAC /* Debug */,
				CC3432092DD9C91D008C7EAC /* Release */,
			);
			defaultConfigurationIsVisible = 0;
			defaultConfigurationName = Release;
		};
		CC34320A2DD9C91D008C7EAC /* Build configuration list for PBXNativeTarget "CleanTodoList" */ = {
			isa = XCConfigurationList;
			buildConfigurations = (
				CC34320B2DD9C91D008C7EAC /* Debug */,
				CC34320C2DD9C91D008C7EAC /* Release */,
			);
			defaultConfigurationIsVisible = 0;
			defaultConfigurationName = Release;
		};
		CC5E3BC82E24F45800ACACFA /* Build configuration list for PBXNativeTarget "CleanTodoListTests" */ = {
			isa = XCConfigurationList;
			buildConfigurations = (
				CC5E3BC92E24F45800ACACFA /* Debug */,
				CC5E3BCA2E24F45800ACACFA /* Release */,
			);
			defaultConfigurationIsVisible = 0;
			defaultConfigurationName = Release;
		};
/* End XCConfigurationList section */

/* Begin XCRemoteSwiftPackageReference section */
		183DA3522DDC6E0A0057AE13 /* XCRemoteSwiftPackageReference "RxSwift" */ = {
			isa = XCRemoteSwiftPackageReference;
			repositoryURL = "https://github.com/ReactiveX/RxSwift";
			requirement = {
				kind = upToNextMajorVersion;
				minimumVersion = 6.9.0;
			};
		};
		183DA3592DDC6E300057AE13 /* XCRemoteSwiftPackageReference "SnapKit" */ = {
			isa = XCRemoteSwiftPackageReference;
			repositoryURL = "https://github.com/SnapKit/SnapKit";
			requirement = {
				kind = upToNextMajorVersion;
				minimumVersion = 5.7.1;
			};
		};
/* End XCRemoteSwiftPackageReference section */

/* Begin XCSwiftPackageProductDependency section */
		183DA3532DDC6E0A0057AE13 /* RxCocoa */ = {
			isa = XCSwiftPackageProductDependency;
			package = 183DA3522DDC6E0A0057AE13 /* XCRemoteSwiftPackageReference "RxSwift" */;
			productName = RxCocoa;
		};
		183DA3552DDC6E0A0057AE13 /* RxRelay */ = {
			isa = XCSwiftPackageProductDependency;
			package = 183DA3522DDC6E0A0057AE13 /* XCRemoteSwiftPackageReference "RxSwift" */;
			productName = RxRelay;
		};
		183DA3572DDC6E0A0057AE13 /* RxSwift */ = {
			isa = XCSwiftPackageProductDependency;
			package = 183DA3522DDC6E0A0057AE13 /* XCRemoteSwiftPackageReference "RxSwift" */;
			productName = RxSwift;
		};
		183DA35A2DDC6E300057AE13 /* SnapKit */ = {
			isa = XCSwiftPackageProductDependency;
			package = 183DA3592DDC6E300057AE13 /* XCRemoteSwiftPackageReference "SnapKit" */;
			productName = SnapKit;
		};
/* End XCSwiftPackageProductDependency section */

/* Begin XCVersionGroup section */
		183DA44F2DDDB6CA0057AE13 /* CleanTodoList.xcdatamodeld */ = {
			isa = XCVersionGroup;
			children = (
				183DA4502DDDB6CA0057AE13 /* CleanTodoList.xcdatamodel */,
			);
			currentVersion = 183DA4502DDDB6CA0057AE13 /* CleanTodoList.xcdatamodel */;
			path = CleanTodoList.xcdatamodeld;
			sourceTree = "<group>";
			versionGroupType = wrapper.xcdatamodel;
		};
/* End XCVersionGroup section */
	};
	rootObject = CC3431EE2DD9C91C008C7EAC /* Project object */;
}
